
Microsoft Visual Studio Solution File, Format Version 12.00
# Visual Studio Version 17
VisualStudioVersion = 17.7.34031.279
MinimumVisualStudioVersion = 10.0.40219.1
Project("{FAE04EC0-301F-11D3-BF4B-00C04F79EFBC}") = "SimpleCalendarControlDemo", "SimpleCalendarControlDemo.csproj", "{7C3E1FD3-7621-471F-98E3-D83C71FE158A}"
EndProject
Global
	GlobalSection(SolutionConfigurationPlatforms) = preSolution
		Debug|Any CPU = Debug|Any CPU
		Release|Any CPU = Release|Any CPU
	EndGlobalSection
	GlobalSection(ProjectConfigurationPlatforms) = postSolution
		{7C3E1FD3-7621-471F-98E3-D83C71FE158A}.Debug|Any CPU.ActiveCfg = Debug|Any CPU
		{7C3E1FD3-7621-471F-98E3-D83C71FE158A}.Debug|Any CPU.Build.0 = Debug|Any CPU
		{7C3E1FD3-7621-471F-98E3-D83C71FE158A}.Release|Any CPU.ActiveCfg = Release|Any CPU
		{7C3E1FD3-7621-471F-98E3-D83C71FE158A}.Release|Any CPU.Build.0 = Release|Any CPU
	EndGlobalSection
	GlobalSection(SolutionProperties) = preSolution
		HideSolutionNode = FALSE
	EndGlobalSection
	GlobalSection(ExtensibilityGlobals) = postSolution
		SolutionGuid = {B8A0BF5C-A851-4392-ABC2-CFC469D2F72A}
	EndGlobalSection
EndGlobal
